<?xml version="1.0" encoding="utf-8"?>
<Project ToolsVersion="4.0" xmlns="http://schemas.microsoft.com/developer/msbuild/2003">
  <ItemGroup>
    <Filter Include="소스 파일">
      <UniqueIdentifier>{4FC737F1-C7A5-4376-A066-2A32D752A2FF}</UniqueIdentifier>
      <Extensions>cpp;c;cc;cxx;c++;cppm;ixx;def;odl;idl;hpj;bat;asm;asmx</Extensions>
    </Filter>
    <Filter Include="헤더 파일">
      <UniqueIdentifier>{93995380-89BD-4b04-88EB-625FBE52EBFB}</UniqueIdentifier>
      <Extensions>h;hh;hpp;hxx;h++;hm;inl;inc;ipp;xsd</Extensions>
    </Filter>
    <Filter Include="리소스 파일">
      <UniqueIdentifier>{67DA6AB6-F800-4c08-8B7A-83BB121AAD01}</UniqueIdentifier>
      <Extensions>rc;ico;cur;bmp;dlg;rc2;rct;bin;rgs;gif;jpg;jpeg;jpe;resx;tiff;tif;png;wav;mfcribbon-ms</Extensions>
    </Filter>
    <Filter Include="소스 파일\99. Headers">
      <UniqueIdentifier>{438c536b-0805-453c-b1b6-c8e38d3de7e5}</UniqueIdentifier>
    </Filter>
    <Filter Include="소스 파일\99. Headers\Andromeda">
      <UniqueIdentifier>{4607d43c-23d1-420b-901a-120eff6644f1}</UniqueIdentifier>
    </Filter>
    <Filter Include="소스 파일\01. Main">
      <UniqueIdentifier>{f379eb05-e638-4b9e-9340-92f7850b3e8b}</UniqueIdentifier>
    </Filter>
    <Filter Include="소스 파일\98. Shaders">
      <UniqueIdentifier>{880b5fe3-ac48-452e-bc94-5776f94e1eee}</UniqueIdentifier>
    </Filter>
    <Filter Include="소스 파일\Utils">
      <UniqueIdentifier>{b2916206-43d8-47d1-b649-74f71c4da81d}</UniqueIdentifier>
    </Filter>
    <Filter Include="소스 파일\00. Engine">
      <UniqueIdentifier>{a9e09c7c-e4ce-4076-ba41-fa94796ea0e5}</UniqueIdentifier>
    </Filter>
    <Filter Include="소스 파일\00. Engine\Pipeline">
      <UniqueIdentifier>{7113b80c-20e3-4dda-9e8a-d565b90307ec}</UniqueIdentifier>
    </Filter>
    <Filter Include="소스 파일\00. Engine\Pipeline\00. Geometry">
      <UniqueIdentifier>{56140c0b-b2ff-41f3-b017-a9804505372f}</UniqueIdentifier>
    </Filter>
    <Filter Include="소스 파일\00. Engine\Pipeline\01. InputAssembler">
      <UniqueIdentifier>{4eb08906-cee2-4ebe-a92d-ccc4bce78767}</UniqueIdentifier>
    </Filter>
    <Filter Include="소스 파일\00. Engine\Pipeline\02. VertexShader">
      <UniqueIdentifier>{bbeb7672-7a05-4c7d-b6dc-9e7226351c43}</UniqueIdentifier>
    </Filter>
    <Filter Include="소스 파일\00. Engine\Pipeline\03. Rasterizer">
      <UniqueIdentifier>{3e72792d-8fd0-4705-872b-c47ddc3cf5b7}</UniqueIdentifier>
    </Filter>
    <Filter Include="소스 파일\00. Engine\Pipeline\04. PixelShader">
      <UniqueIdentifier>{00bbe33d-a9c5-4d1a-aac1-e1ae896427ac}</UniqueIdentifier>
    </Filter>
    <Filter Include="소스 파일\00. Engine\Pipeline\05. OutputMerger">
      <UniqueIdentifier>{f2126632-e5ab-46f0-8f82-7eec78687b96}</UniqueIdentifier>
    </Filter>
    <Filter Include="소스 파일\00. Engine\Component">
      <UniqueIdentifier>{8d0485fd-3d91-4fa6-8b43-a37937588459}</UniqueIdentifier>
    </Filter>
    <Filter Include="소스 파일\00. Engine\GameObject">
      <UniqueIdentifier>{730c4594-92e1-497e-b6d7-1dadc83c7716}</UniqueIdentifier>
    </Filter>
    <Filter Include="소스 파일\00. Engine\Component\Animation">
      <UniqueIdentifier>{0009b623-294c-4d4c-87c1-3144a6a25cf2}</UniqueIdentifier>
    </Filter>
    <Filter Include="소스 파일\00. Engine\Component\Camera">
      <UniqueIdentifier>{51216cd6-b02d-4ebf-9223-f970cb959d54}</UniqueIdentifier>
    </Filter>
    <Filter Include="소스 파일\00. Engine\Component\Rendering">
      <UniqueIdentifier>{258a6581-8134-4653-8c62-842d0aee278d}</UniqueIdentifier>
    </Filter>
    <Filter Include="소스 파일\00. Engine\Resource">
      <UniqueIdentifier>{9726d2ad-6661-4c8e-9743-7a0126e0c6ff}</UniqueIdentifier>
    </Filter>
    <Filter Include="소스 파일\00. Engine\Manager">
      <UniqueIdentifier>{41ca58cf-7dbb-4a2d-9cd2-7f59fc704230}</UniqueIdentifier>
    </Filter>
    <Filter Include="소스 파일\00. Engine\Manager\Input">
      <UniqueIdentifier>{6884ee55-2c4a-4810-aaf1-d85cf2bd5b56}</UniqueIdentifier>
    </Filter>
    <Filter Include="소스 파일\00. Engine\Manager\Scene">
      <UniqueIdentifier>{34ae6b93-cfcf-4d8a-8b35-2b766348eaa4}</UniqueIdentifier>
    </Filter>
    <Filter Include="소스 파일\00. Engine\Manager\Time">
      <UniqueIdentifier>{aafe5971-edda-4f70-a4e6-7df81328d18f}</UniqueIdentifier>
    </Filter>
    <Filter Include="소스 파일\00. Engine\Manager\Resource">
      <UniqueIdentifier>{897b042d-49c3-4d5d-9a22-f23a0299b8e9}</UniqueIdentifier>
    </Filter>
    <Filter Include="소스 파일\00. Engine\Manager\Render">
      <UniqueIdentifier>{d70340e7-8ab5-4725-b10e-636620b8f45f}</UniqueIdentifier>
    </Filter>
  </ItemGroup>
  <ItemGroup>
    <ClInclude Include="GameCoding.h">
      <Filter>소스 파일\01. Main</Filter>
    </ClInclude>
    <ClInclude Include="framework.h">
      <Filter>소스 파일\99. Headers\Andromeda</Filter>
    </ClInclude>
    <ClInclude Include="Resource.h">
      <Filter>소스 파일\99. Headers\Andromeda</Filter>
    </ClInclude>
    <ClInclude Include="targetver.h">
      <Filter>소스 파일\99. Headers\Andromeda</Filter>
    </ClInclude>
    <ClInclude Include="pch.h">
      <Filter>소스 파일\99. Headers</Filter>
    </ClInclude>
    <ClInclude Include="Values.h">
      <Filter>소스 파일\99. Headers</Filter>
    </ClInclude>
    <ClInclude Include="Struct.h">
      <Filter>소스 파일\99. Headers</Filter>
    </ClInclude>
    <ClInclude Include="Types.h">
      <Filter>소스 파일\99. Headers</Filter>
    </ClInclude>
    <ClInclude Include="Game.h">
      <Filter>소스 파일\01. Main</Filter>
    </ClInclude>
    <ClInclude Include="SimpleMath.h">
      <Filter>소스 파일\Utils</Filter>
    </ClInclude>
    <ClInclude Include="Graphics.h">
      <Filter>소스 파일\00. Engine\Pipeline</Filter>
    </ClInclude>
    <ClInclude Include="IndexBuffer.h">
      <Filter>소스 파일\00. Engine\Pipeline\01. InputAssembler</Filter>
    </ClInclude>
    <ClInclude Include="InputLayout.h">
      <Filter>소스 파일\00. Engine\Pipeline\01. InputAssembler</Filter>
    </ClInclude>
    <ClInclude Include="VertexBuffer.h">
      <Filter>소스 파일\00. Engine\Pipeline\01. InputAssembler</Filter>
    </ClInclude>
    <ClInclude Include="GeometryHelper.h">
      <Filter>소스 파일\00. Engine\Pipeline\00. Geometry</Filter>
    </ClInclude>
    <ClInclude Include="VertexData.h">
      <Filter>소스 파일\00. Engine\Pipeline\00. Geometry</Filter>
    </ClInclude>
    <ClInclude Include="Geometry.h">
      <Filter>소스 파일\00. Engine\Pipeline\00. Geometry</Filter>
    </ClInclude>
    <ClInclude Include="ShaderBase.h">
      <Filter>소스 파일\00. Engine\Pipeline\02. VertexShader</Filter>
    </ClInclude>
    <ClInclude Include="ConstantBuffer.h">
      <Filter>소스 파일\00. Engine\Pipeline\02. VertexShader</Filter>
    </ClInclude>
    <ClInclude Include="SamplerState.h">
      <Filter>소스 파일\00. Engine\Pipeline\04. PixelShader</Filter>
    </ClInclude>
    <ClInclude Include="BlendState.h">
      <Filter>소스 파일\00. Engine\Pipeline\05. OutputMerger</Filter>
    </ClInclude>
    <ClInclude Include="RasterizerState.h">
      <Filter>소스 파일\00. Engine\Pipeline\03. Rasterizer</Filter>
    </ClInclude>
    <ClInclude Include="Pipeline.h">
      <Filter>소스 파일\00. Engine\Pipeline</Filter>
    </ClInclude>
    <ClInclude Include="GameObject.h">
      <Filter>소스 파일\00. Engine\GameObject</Filter>
    </ClInclude>
    <ClInclude Include="Component.h">
      <Filter>소스 파일\00. Engine\Component</Filter>
    </ClInclude>
    <ClInclude Include="Transform.h">
      <Filter>소스 파일\00. Engine\Component</Filter>
    </ClInclude>
    <ClInclude Include="MonoBehaviour.h">
      <Filter>소스 파일\00. Engine\Component</Filter>
    </ClInclude>
    <ClInclude Include="Camera.h">
      <Filter>소스 파일\00. Engine\Component\Camera</Filter>
    </ClInclude>
    <ClInclude Include="MeshRenderer.h">
      <Filter>소스 파일\00. Engine\Component\Rendering</Filter>
    </ClInclude>
    <ClInclude Include="SceneManager.h">
      <Filter>소스 파일\00. Engine\Manager\Scene</Filter>
    </ClInclude>
    <ClInclude Include="Scene.h">
      <Filter>소스 파일\00. Engine\Manager\Scene</Filter>
    </ClInclude>
    <ClInclude Include="InputManager.h">
      <Filter>소스 파일\00. Engine\Manager\Input</Filter>
    </ClInclude>
    <ClInclude Include="TimeManager.h">
      <Filter>소스 파일\00. Engine\Manager\Time</Filter>
    </ClInclude>
    <ClInclude Include="ResourceManager.h">
      <Filter>소스 파일\00. Engine\Manager\Resource</Filter>
    </ClInclude>
    <ClInclude Include="ResourceBase.h">
      <Filter>소스 파일\00. Engine\Manager\Resource</Filter>
    </ClInclude>
    <ClInclude Include="Texture.h">
      <Filter>소스 파일\00. Engine\Resource</Filter>
    </ClInclude>
    <ClInclude Include="Shader.h">
      <Filter>소스 파일\00. Engine\Resource</Filter>
    </ClInclude>
    <ClInclude Include="Mesh.h">
      <Filter>소스 파일\00. Engine\Resource</Filter>
    </ClInclude>
    <ClInclude Include="Animation.h">
      <Filter>소스 파일\00. Engine\Resource</Filter>
    </ClInclude>
    <ClInclude Include="Material.h">
      <Filter>소스 파일\00. Engine\Resource</Filter>
    </ClInclude>
    <ClInclude Include="RenderManager.h">
      <Filter>소스 파일\00. Engine\Manager\Render</Filter>
    </ClInclude>
    <ClInclude Include="RenderHelper.h">
      <Filter>소스 파일\00. Engine\Manager\Render</Filter>
    </ClInclude>
    <ClInclude Include="Animator.h">
      <Filter>소스 파일\00. Engine\Component\Animation</Filter>
    </ClInclude>
  </ItemGroup>
  <ItemGroup>
    <ResourceCompile Include="GameCoding.rc">
      <Filter>리소스 파일</Filter>
    </ResourceCompile>
  </ItemGroup>
  <ItemGroup>
    <Image Include="small.ico">
      <Filter>리소스 파일</Filter>
    </Image>
    <Image Include="GameCoding.ico">
      <Filter>리소스 파일</Filter>
    </Image>
  </ItemGroup>
  <ItemGroup>
    <ClCompile Include="GameCoding.cpp">
      <Filter>소스 파일\01. Main</Filter>
    </ClCompile>
    <ClCompile Include="pch.cpp">
      <Filter>소스 파일\99. Headers</Filter>
    </ClCompile>
    <ClCompile Include="Game.cpp">
      <Filter>소스 파일\01. Main</Filter>
    </ClCompile>
    <ClCompile Include="SimpleMath.cpp">
      <Filter>소스 파일\Utils</Filter>
    </ClCompile>
    <ClCompile Include="Graphics.cpp">
      <Filter>소스 파일\00. Engine\Pipeline</Filter>
    </ClCompile>
    <ClCompile Include="IndexBuffer.cpp">
      <Filter>소스 파일\00. Engine\Pipeline\01. InputAssembler</Filter>
    </ClCompile>
    <ClCompile Include="InputLayout.cpp">
      <Filter>소스 파일\00. Engine\Pipeline\01. InputAssembler</Filter>
    </ClCompile>
    <ClCompile Include="VertexBuffer.cpp">
      <Filter>소스 파일\00. Engine\Pipeline\01. InputAssembler</Filter>
    </ClCompile>
    <ClCompile Include="Geometry.cpp">
      <Filter>소스 파일\00. Engine\Pipeline\00. Geometry</Filter>
    </ClCompile>
    <ClCompile Include="GeometryHelper.cpp">
      <Filter>소스 파일\00. Engine\Pipeline\00. Geometry</Filter>
    </ClCompile>
    <ClCompile Include="VertexData.cpp">
      <Filter>소스 파일\00. Engine\Pipeline\00. Geometry</Filter>
    </ClCompile>
    <ClCompile Include="ShaderBase.cpp">
      <Filter>소스 파일\00. Engine\Pipeline\02. VertexShader</Filter>
    </ClCompile>
    <ClCompile Include="ConstantBuffer.cpp">
      <Filter>소스 파일\00. Engine\Pipeline\02. VertexShader</Filter>
    </ClCompile>
    <ClCompile Include="SamplerState.cpp">
      <Filter>소스 파일\00. Engine\Pipeline\04. PixelShader</Filter>
    </ClCompile>
    <ClCompile Include="BlendState.cpp">
      <Filter>소스 파일\00. Engine\Pipeline\05. OutputMerger</Filter>
    </ClCompile>
    <ClCompile Include="RasterizerState.cpp">
      <Filter>소스 파일\00. Engine\Pipeline\03. Rasterizer</Filter>
    </ClCompile>
    <ClCompile Include="Pipeline.cpp">
      <Filter>소스 파일\00. Engine\Pipeline</Filter>
    </ClCompile>
    <ClCompile Include="GameObject.cpp">
      <Filter>소스 파일\00. Engine\GameObject</Filter>
    </ClCompile>
    <ClCompile Include="Component.cpp">
      <Filter>소스 파일\00. Engine\Component</Filter>
    </ClCompile>
    <ClCompile Include="Transform.cpp">
      <Filter>소스 파일\00. Engine\Component</Filter>
    </ClCompile>
    <ClCompile Include="MonoBehaviour.cpp">
      <Filter>소스 파일\00. Engine\Component</Filter>
    </ClCompile>
    <ClCompile Include="Camera.cpp">
      <Filter>소스 파일\00. Engine\Component\Camera</Filter>
    </ClCompile>
    <ClCompile Include="MeshRenderer.cpp">
      <Filter>소스 파일\00. Engine\Component\Rendering</Filter>
    </ClCompile>
    <ClCompile Include="Scene.cpp">
      <Filter>소스 파일\00. Engine\Manager\Scene</Filter>
    </ClCompile>
    <ClCompile Include="SceneManager.cpp">
      <Filter>소스 파일\00. Engine\Manager\Scene</Filter>
    </ClCompile>
    <ClCompile Include="InputManager.cpp">
      <Filter>소스 파일\00. Engine\Manager\Input</Filter>
    </ClCompile>
    <ClCompile Include="TimeManager.cpp">
      <Filter>소스 파일\00. Engine\Manager\Time</Filter>
    </ClCompile>
    <ClCompile Include="ResourceManager.cpp">
      <Filter>소스 파일\00. Engine\Manager\Resource</Filter>
    </ClCompile>
    <ClCompile Include="ResourceBase.cpp">
      <Filter>소스 파일\00. Engine\Manager\Resource</Filter>
    </ClCompile>
    <ClCompile Include="Texture.cpp">
      <Filter>소스 파일\00. Engine\Resource</Filter>
    </ClCompile>
    <ClCompile Include="Shader.cpp">
      <Filter>소스 파일\00. Engine\Resource</Filter>
    </ClCompile>
    <ClCompile Include="Mesh.cpp">
      <Filter>소스 파일\00. Engine\Resource</Filter>
    </ClCompile>
    <ClCompile Include="Material.cpp">
      <Filter>소스 파일\00. Engine\Resource</Filter>
    </ClCompile>
    <ClCompile Include="Animation.cpp">
      <Filter>소스 파일\00. Engine\Resource</Filter>
    </ClCompile>
    <ClCompile Include="RenderManager.cpp">
      <Filter>소스 파일\00. Engine\Manager\Render</Filter>
    </ClCompile>
    <ClCompile Include="RenderHelper.cpp">
      <Filter>소스 파일\00. Engine\Manager\Render</Filter>
    </ClCompile>
    <ClCompile Include="Animator.cpp">
      <Filter>소스 파일\00. Engine\Component\Animation</Filter>
    </ClCompile>
  </ItemGroup>
  <ItemGroup>
    <FxCompile Include="Default.hlsl">
      <Filter>소스 파일\98. Shaders</Filter>
    </FxCompile>
  </ItemGroup>
  <ItemGroup>
    <None Include="SimpleMath.inl">
      <Filter>소스 파일\Utils</Filter>
    </None>
  </ItemGroup>
</Project>